// !$*UTF8*$!
{
	archiveVersion = 1;
	classes = {
	};
	objectVersion = 75;
	objects = {

/* Begin PBXBuildFile section */
		AD027C612C49F50D002FFE54 /* SensorLogManager.swift in Sources */ = {isa = PBXBuildFile; fileRef = AD027C602C49F509002FFE54 /* SensorLogManager.swift */; };
		AD027C632C49F9ED002FFE54 /* WorkoutHistoryView.swift in Sources */ = {isa = PBXBuildFile; fileRef = AD027C622C49F9E8002FFE54 /* WorkoutHistoryView.swift */; };
		AD027C652C49FA9F002FFE54 /* SummaryView.swift in Sources */ = {isa = PBXBuildFile; fileRef = AD027C642C49FA9C002FFE54 /* SummaryView.swift */; };
		AD5030752C46F0F700823C18 /* FitTrackApp.swift in Sources */ = {isa = PBXBuildFile; fileRef = AD5030742C46F0F700823C18 /* FitTrackApp.swift */; };
		AD5030772C46F0F700823C18 /* ContentView.swift in Sources */ = {isa = PBXBuildFile; fileRef = AD5030762C46F0F700823C18 /* ContentView.swift */; };
		AD5030792C46F0F800823C18 /* Assets.xcassets in Resources */ = {isa = PBXBuildFile; fileRef = AD5030782C46F0F800823C18 /* Assets.xcassets */; };
		AD50307C2C46F0F800823C18 /* Preview Assets.xcassets in Resources */ = {isa = PBXBuildFile; fileRef = AD50307B2C46F0F800823C18 /* Preview Assets.xcassets */; };
		AD5030862C46F0F800823C18 /* FitTrack_Watch_AppTests.swift in Sources */ = {isa = PBXBuildFile; fileRef = AD5030852C46F0F800823C18 /* FitTrack_Watch_AppTests.swift */; };
		AD5030B12C46FAC200823C18 /* Models.swift in Sources */ = {isa = PBXBuildFile; fileRef = AD5030B02C46FABE00823C18 /* Models.swift */; };
		AD5030B32C46FADA00823C18 /* HealthKitManager.swift in Sources */ = {isa = PBXBuildFile; fileRef = AD5030B22C46FACF00823C18 /* HealthKitManager.swift */; };
		AD5030B52C46FAED00823C18 /* CoreMotionManager.swift in Sources */ = {isa = PBXBuildFile; fileRef = AD5030B42C46FAE600823C18 /* CoreMotionManager.swift */; };
		AD5030B72C46FAFE00823C18 /* WorkoutView.swift in Sources */ = {isa = PBXBuildFile; fileRef = AD5030B62C46FAFA00823C18 /* WorkoutView.swift */; };
		ADD260B62C4AEB510072F40D /* WorkoutSummaryModel.swift in Sources */ = {isa = PBXBuildFile; fileRef = ADD260B52C4AEB4B0072F40D /* WorkoutSummaryModel.swift */; };
		ADD260BC2C4B577A0072F40D /* FitTrackTests.swift in Sources */ = {isa = PBXBuildFile; fileRef = AD50305D2C46F0F700823C18 /* FitTrackTests.swift */; };
		ADD260C02C4B595A0072F40D /* Assets.xcassets in Resources */ = {isa = PBXBuildFile; fileRef = AD5030782C46F0F800823C18 /* Assets.xcassets */; };
		ADD260C32C4B59A80072F40D /* XCTest.framework in Frameworks */ = {isa = PBXBuildFile; fileRef = ADD260C22C4B59A80072F40D /* XCTest.framework */; };
		ADD260C62C4B5A6D0072F40D /* Utilities.swift in Sources */ = {isa = PBXBuildFile; fileRef = ADD260C52C4B5A580072F40D /* Utilities.swift */; };
		ADD260C72C4B5A6D0072F40D /* Utilities.swift in Sources */ = {isa = PBXBuildFile; fileRef = ADD260C52C4B5A580072F40D /* Utilities.swift */; };
/* End PBXBuildFile section */

/* Begin PBXContainerItemProxy section */
		AD5030822C46F0F800823C18 /* PBXContainerItemProxy */ = {
			isa = PBXContainerItemProxy;
			containerPortal = AD5030412C46F0F600823C18 /* Project object */;
			proxyType = 1;
			remoteGlobalIDString = AD50306E2C46F0F700823C18;
			remoteInfo = "FitTrack Watch App";
		};
		AD50308C2C46F0F800823C18 /* PBXContainerItemProxy */ = {
			isa = PBXContainerItemProxy;
			containerPortal = AD5030412C46F0F600823C18 /* Project object */;
			proxyType = 1;
			remoteGlobalIDString = AD50306E2C46F0F700823C18;
			remoteInfo = "FitTrack Watch App";
		};
/* End PBXContainerItemProxy section */

/* Begin PBXFileReference section */
		AD027C602C49F509002FFE54 /* SensorLogManager.swift */ = {isa = PBXFileReference; lastKnownFileType = sourcecode.swift; path = SensorLogManager.swift; sourceTree = "<group>"; };
		AD027C622C49F9E8002FFE54 /* WorkoutHistoryView.swift */ = {isa = PBXFileReference; lastKnownFileType = sourcecode.swift; path = WorkoutHistoryView.swift; sourceTree = "<group>"; };
		AD027C642C49FA9C002FFE54 /* SummaryView.swift */ = {isa = PBXFileReference; lastKnownFileType = sourcecode.swift; path = SummaryView.swift; sourceTree = "<group>"; };
		AD50305D2C46F0F700823C18 /* FitTrackTests.swift */ = {isa = PBXFileReference; lastKnownFileType = sourcecode.swift; path = FitTrackTests.swift; sourceTree = "<group>"; };
		AD50306F2C46F0F700823C18 /* FitTrack Watch App.app */ = {isa = PBXFileReference; explicitFileType = wrapper.application; includeInIndex = 0; path = "FitTrack Watch App.app"; sourceTree = BUILT_PRODUCTS_DIR; };
		AD5030742C46F0F700823C18 /* FitTrackApp.swift */ = {isa = PBXFileReference; lastKnownFileType = sourcecode.swift; path = FitTrackApp.swift; sourceTree = "<group>"; };
		AD5030762C46F0F700823C18 /* ContentView.swift */ = {isa = PBXFileReference; lastKnownFileType = sourcecode.swift; path = ContentView.swift; sourceTree = "<group>"; };
		AD5030782C46F0F800823C18 /* Assets.xcassets */ = {isa = PBXFileReference; lastKnownFileType = folder.assetcatalog; path = Assets.xcassets; sourceTree = "<group>"; };
		AD50307B2C46F0F800823C18 /* Preview Assets.xcassets */ = {isa = PBXFileReference; lastKnownFileType = folder.assetcatalog; path = "Preview Assets.xcassets"; sourceTree = "<group>"; };
		AD5030812C46F0F800823C18 /* FitTrack Watch AppTests.xctest */ = {isa = PBXFileReference; explicitFileType = wrapper.cfbundle; includeInIndex = 0; path = "FitTrack Watch AppTests.xctest"; sourceTree = BUILT_PRODUCTS_DIR; };
		AD5030852C46F0F800823C18 /* FitTrack_Watch_AppTests.swift */ = {isa = PBXFileReference; lastKnownFileType = sourcecode.swift; path = FitTrack_Watch_AppTests.swift; sourceTree = "<group>"; };
		AD50308B2C46F0F800823C18 /* FitTrack Watch AppUITests.xctest */ = {isa = PBXFileReference; explicitFileType = wrapper.cfbundle; includeInIndex = 0; path = "FitTrack Watch AppUITests.xctest"; sourceTree = BUILT_PRODUCTS_DIR; };
		AD5030B02C46FABE00823C18 /* Models.swift */ = {isa = PBXFileReference; lastKnownFileType = sourcecode.swift; path = Models.swift; sourceTree = "<group>"; };
		AD5030B22C46FACF00823C18 /* HealthKitManager.swift */ = {isa = PBXFileReference; lastKnownFileType = sourcecode.swift; path = HealthKitManager.swift; sourceTree = "<group>"; };
		AD5030B42C46FAE600823C18 /* CoreMotionManager.swift */ = {isa = PBXFileReference; lastKnownFileType = sourcecode.swift; path = CoreMotionManager.swift; sourceTree = "<group>"; };
		AD5030B62C46FAFA00823C18 /* WorkoutView.swift */ = {isa = PBXFileReference; lastKnownFileType = sourcecode.swift; path = WorkoutView.swift; sourceTree = "<group>"; };
		AD5030BB2C46FD0A00823C18 /* FitTrack Watch App.entitlements */ = {isa = PBXFileReference; lastKnownFileType = text.plist.entitlements; path = "FitTrack Watch App.entitlements"; sourceTree = "<group>"; };
		AD9F44AB2C47486100866D5F /* FitTrack-Watch-App-Info.plist */ = {isa = PBXFileReference; lastKnownFileType = text.plist; path = "FitTrack-Watch-App-Info.plist"; sourceTree = SOURCE_ROOT; };
		ADD260B52C4AEB4B0072F40D /* WorkoutSummaryModel.swift */ = {isa = PBXFileReference; lastKnownFileType = sourcecode.swift; path = WorkoutSummaryModel.swift; sourceTree = "<group>"; };
		ADD260C22C4B59A80072F40D /* XCTest.framework */ = {isa = PBXFileReference; lastKnownFileType = wrapper.framework; name = XCTest.framework; path = Platforms/WatchOS.platform/Developer/Library/Frameworks/XCTest.framework; sourceTree = DEVELOPER_DIR; };
		ADD260C52C4B5A580072F40D /* Utilities.swift */ = {isa = PBXFileReference; lastKnownFileType = sourcecode.swift; path = Utilities.swift; sourceTree = "<group>"; };
/* End PBXFileReference section */

/* Begin PBXFrameworksBuildPhase section */
		AD50306C2C46F0F700823C18 /* Frameworks */ = {
			isa = PBXFrameworksBuildPhase;
			buildActionMask = 2147483647;
			files = (
			);
			runOnlyForDeploymentPostprocessing = 0;
		};
		AD50307E2C46F0F800823C18 /* Frameworks */ = {
			isa = PBXFrameworksBuildPhase;
			buildActionMask = 2147483647;
			files = (
				ADD260C32C4B59A80072F40D /* XCTest.framework in Frameworks */,
			);
			runOnlyForDeploymentPostprocessing = 0;
		};
		AD5030882C46F0F800823C18 /* Frameworks */ = {
			isa = PBXFrameworksBuildPhase;
			buildActionMask = 2147483647;
			files = (
			);
			runOnlyForDeploymentPostprocessing = 0;
		};
/* End PBXFrameworksBuildPhase section */

/* Begin PBXGroup section */
		AD5030402C46F0F600823C18 = {
			isa = PBXGroup;
			children = (
				ADD260C42C4B5A500072F40D /* Utilities */,
				AD50305C2C46F0F700823C18 /* FitTrackTests */,
				AD5030732C46F0F700823C18 /* FitTrack Watch App */,
				AD5030842C46F0F800823C18 /* FitTrack Watch AppTests */,
				AD50304A2C46F0F600823C18 /* Products */,
				ADD260C12C4B59A80072F40D /* Frameworks */,
			);
			sourceTree = "<group>";
		};
		AD50304A2C46F0F600823C18 /* Products */ = {
			isa = PBXGroup;
			children = (
				AD50306F2C46F0F700823C18 /* FitTrack Watch App.app */,
				AD5030812C46F0F800823C18 /* FitTrack Watch AppTests.xctest */,
				AD50308B2C46F0F800823C18 /* FitTrack Watch AppUITests.xctest */,
			);
			name = Products;
			sourceTree = "<group>";
		};
		AD50305C2C46F0F700823C18 /* FitTrackTests */ = {
			isa = PBXGroup;
			children = (
				AD50305D2C46F0F700823C18 /* FitTrackTests.swift */,
			);
			path = FitTrackTests;
			sourceTree = "<group>";
		};
		AD5030732C46F0F700823C18 /* FitTrack Watch App */ = {
			isa = PBXGroup;
			children = (
				AD027C642C49FA9C002FFE54 /* SummaryView.swift */,
				AD027C622C49F9E8002FFE54 /* WorkoutHistoryView.swift */,
				AD027C602C49F509002FFE54 /* SensorLogManager.swift */,
				AD9F44AB2C47486100866D5F /* FitTrack-Watch-App-Info.plist */,
				AD5030BB2C46FD0A00823C18 /* FitTrack Watch App.entitlements */,
				ADD260B52C4AEB4B0072F40D /* WorkoutSummaryModel.swift */,
				AD5030B62C46FAFA00823C18 /* WorkoutView.swift */,
				AD5030B22C46FACF00823C18 /* HealthKitManager.swift */,
				AD5030B42C46FAE600823C18 /* CoreMotionManager.swift */,
				AD5030B02C46FABE00823C18 /* Models.swift */,
				AD5030742C46F0F700823C18 /* FitTrackApp.swift */,
				AD5030762C46F0F700823C18 /* ContentView.swift */,
				AD5030782C46F0F800823C18 /* Assets.xcassets */,
				AD50307A2C46F0F800823C18 /* Preview Content */,
			);
			path = "FitTrack Watch App";
			sourceTree = "<group>";
		};
		AD50307A2C46F0F800823C18 /* Preview Content */ = {
			isa = PBXGroup;
			children = (
				AD50307B2C46F0F800823C18 /* Preview Assets.xcassets */,
			);
			path = "Preview Content";
			sourceTree = "<group>";
		};
		AD5030842C46F0F800823C18 /* FitTrack Watch AppTests */ = {
			isa = PBXGroup;
			children = (
				AD5030852C46F0F800823C18 /* FitTrack_Watch_AppTests.swift */,
			);
			path = "FitTrack Watch AppTests";
			sourceTree = "<group>";
		};
		ADD260C12C4B59A80072F40D /* Frameworks */ = {
			isa = PBXGroup;
			children = (
				ADD260C22C4B59A80072F40D /* XCTest.framework */,
			);
			name = Frameworks;
			sourceTree = "<group>";
		};
		ADD260C42C4B5A500072F40D /* Utilities */ = {
			isa = PBXGroup;
			children = (
				ADD260C52C4B5A580072F40D /* Utilities.swift */,
			);
			path = Utilities;
			sourceTree = "<group>";
		};
/* End PBXGroup section */

/* Begin PBXNativeTarget section */
		AD50306E2C46F0F700823C18 /* FitTrack Watch App */ = {
			isa = PBXNativeTarget;
			buildConfigurationList = AD5030952C46F0F800823C18 /* Build configuration list for PBXNativeTarget "FitTrack Watch App" */;
			buildPhases = (
				AD50306B2C46F0F700823C18 /* Sources */,
				AD50306C2C46F0F700823C18 /* Frameworks */,
				AD50306D2C46F0F700823C18 /* Resources */,
			);
			buildRules = (
			);
			dependencies = (
			);
			name = "FitTrack Watch App";
			productName = "FitTrack Watch App";
			productReference = AD50306F2C46F0F700823C18 /* FitTrack Watch App.app */;
			productType = "com.apple.product-type.application";
		};
		AD5030802C46F0F800823C18 /* FitTrack Watch AppTests */ = {
			isa = PBXNativeTarget;
			buildConfigurationList = AD5030A22C46F0F800823C18 /* Build configuration list for PBXNativeTarget "FitTrack Watch AppTests" */;
			buildPhases = (
				AD50307D2C46F0F800823C18 /* Sources */,
				AD50307E2C46F0F800823C18 /* Frameworks */,
				AD50307F2C46F0F800823C18 /* Resources */,
			);
			buildRules = (
			);
			dependencies = (
				AD5030832C46F0F800823C18 /* PBXTargetDependency */,
			);
			name = "FitTrack Watch AppTests";
			productName = "FitTrack Watch AppTests";
			productReference = AD5030812C46F0F800823C18 /* FitTrack Watch AppTests.xctest */;
			productType = "com.apple.product-type.bundle.unit-test";
		};
		AD50308A2C46F0F800823C18 /* FitTrack Watch AppUITests */ = {
			isa = PBXNativeTarget;
			buildConfigurationList = AD5030A52C46F0F800823C18 /* Build configuration list for PBXNativeTarget "FitTrack Watch AppUITests" */;
			buildPhases = (
				AD5030872C46F0F800823C18 /* Sources */,
				AD5030882C46F0F800823C18 /* Frameworks */,
				AD5030892C46F0F800823C18 /* Resources */,
			);
			buildRules = (
			);
			dependencies = (
				AD50308D2C46F0F800823C18 /* PBXTargetDependency */,
			);
			name = "FitTrack Watch AppUITests";
			productName = "FitTrack Watch AppUITests";
			productReference = AD50308B2C46F0F800823C18 /* FitTrack Watch AppUITests.xctest */;
			productType = "com.apple.product-type.bundle.ui-testing";
		};
/* End PBXNativeTarget section */

/* Begin PBXProject section */
		AD5030412C46F0F600823C18 /* Project object */ = {
			isa = PBXProject;
			attributes = {
				BuildIndependentTargetsInParallel = 1;
				LastSwiftUpdateCheck = 1600;
				LastUpgradeCheck = 1600;
				TargetAttributes = {
					AD50306E2C46F0F700823C18 = {
						CreatedOnToolsVersion = 16.0;
					};
					AD5030802C46F0F800823C18 = {
						CreatedOnToolsVersion = 16.0;
						TestTargetID = AD50306E2C46F0F700823C18;
					};
					AD50308A2C46F0F800823C18 = {
						CreatedOnToolsVersion = 16.0;
						TestTargetID = AD50306E2C46F0F700823C18;
					};
				};
			};
			buildConfigurationList = AD5030442C46F0F600823C18 /* Build configuration list for PBXProject "FitTrack" */;
			developmentRegion = en;
			hasScannedForEncodings = 0;
			knownRegions = (
				en,
				Base,
			);
			mainGroup = AD5030402C46F0F600823C18;
			preferredProjectObjectVersion = 75;
			productRefGroup = AD50304A2C46F0F600823C18 /* Products */;
			projectDirPath = "";
			projectRoot = "";
			targets = (
				AD50306E2C46F0F700823C18 /* FitTrack Watch App */,
				AD5030802C46F0F800823C18 /* FitTrack Watch AppTests */,
				AD50308A2C46F0F800823C18 /* FitTrack Watch AppUITests */,
			);
		};
/* End PBXProject section */

/* Begin PBXResourcesBuildPhase section */
		AD50306D2C46F0F700823C18 /* Resources */ = {
			isa = PBXResourcesBuildPhase;
			buildActionMask = 2147483647;
			files = (
				AD50307C2C46F0F800823C18 /* Preview Assets.xcassets in Resources */,
				AD5030792C46F0F800823C18 /* Assets.xcassets in Resources */,
			);
			runOnlyForDeploymentPostprocessing = 0;
		};
		AD50307F2C46F0F800823C18 /* Resources */ = {
			isa = PBXResourcesBuildPhase;
			buildActionMask = 2147483647;
			files = (
				ADD260C02C4B595A0072F40D /* Assets.xcassets in Resources */,
			);
			runOnlyForDeploymentPostprocessing = 0;
		};
		AD5030892C46F0F800823C18 /* Resources */ = {
			isa = PBXResourcesBuildPhase;
			buildActionMask = 2147483647;
			files = (
			);
			runOnlyForDeploymentPostprocessing = 0;
		};
/* End PBXResourcesBuildPhase section */

/* Begin PBXSourcesBuildPhase section */
		AD50306B2C46F0F700823C18 /* Sources */ = {
			isa = PBXSourcesBuildPhase;
			buildActionMask = 2147483647;
			files = (
				AD5030B12C46FAC200823C18 /* Models.swift in Sources */,
				AD027C612C49F50D002FFE54 /* SensorLogManager.swift in Sources */,
				ADD260C62C4B5A6D0072F40D /* Utilities.swift in Sources */,
				AD5030B52C46FAED00823C18 /* CoreMotionManager.swift in Sources */,
				AD5030772C46F0F700823C18 /* ContentView.swift in Sources */,
				AD5030B32C46FADA00823C18 /* HealthKitManager.swift in Sources */,
				AD5030B72C46FAFE00823C18 /* WorkoutView.swift in Sources */,
				AD5030752C46F0F700823C18 /* FitTrackApp.swift in Sources */,
				ADD260B62C4AEB510072F40D /* WorkoutSummaryModel.swift in Sources */,
				AD027C632C49F9ED002FFE54 /* WorkoutHistoryView.swift in Sources */,
				AD027C652C49FA9F002FFE54 /* SummaryView.swift in Sources */,
			);
			runOnlyForDeploymentPostprocessing = 0;
		};
		AD50307D2C46F0F800823C18 /* Sources */ = {
			isa = PBXSourcesBuildPhase;
			buildActionMask = 2147483647;
			files = (
				ADD260C72C4B5A6D0072F40D /* Utilities.swift in Sources */,
				AD5030862C46F0F800823C18 /* FitTrack_Watch_AppTests.swift in Sources */,
				ADD260BC2C4B577A0072F40D /* FitTrackTests.swift in Sources */,
			);
			runOnlyForDeploymentPostprocessing = 0;
		};
		AD5030872C46F0F800823C18 /* Sources */ = {
			isa = PBXSourcesBuildPhase;
			buildActionMask = 2147483647;
			files = (
			);
			runOnlyForDeploymentPostprocessing = 0;
		};
/* End PBXSourcesBuildPhase section */

/* Begin PBXTargetDependency section */
		AD5030832C46F0F800823C18 /* PBXTargetDependency */ = {
			isa = PBXTargetDependency;
			target = AD50306E2C46F0F700823C18 /* FitTrack Watch App */;
			targetProxy = AD5030822C46F0F800823C18 /* PBXContainerItemProxy */;
		};
		AD50308D2C46F0F800823C18 /* PBXTargetDependency */ = {
			isa = PBXTargetDependency;
			target = AD50306E2C46F0F700823C18 /* FitTrack Watch App */;
			targetProxy = AD50308C2C46F0F800823C18 /* PBXContainerItemProxy */;
		};
/* End PBXTargetDependency section */

/* Begin XCBuildConfiguration section */
		AD5030932C46F0F800823C18 /* Debug */ = {
			isa = XCBuildConfiguration;
			buildSettings = {
				ALWAYS_SEARCH_USER_PATHS = NO;
				ASSETCATALOG_COMPILER_GENERATE_SWIFT_ASSET_SYMBOL_EXTENSIONS = YES;
				CLANG_ANALYZER_NONNULL = YES;
				CLANG_ANALYZER_NUMBER_OBJECT_CONVERSION = YES_AGGRESSIVE;
				CLANG_CXX_LANGUAGE_STANDARD = "gnu++20";
				CLANG_ENABLE_MODULES = YES;
				CLANG_ENABLE_OBJC_ARC = YES;
				CLANG_ENABLE_OBJC_WEAK = YES;
				CLANG_WARN_BLOCK_CAPTURE_AUTORELEASING = YES;
				CLANG_WARN_BOOL_CONVERSION = YES;
				CLANG_WARN_COMMA = YES;
				CLANG_WARN_CONSTANT_CONVERSION = YES;
				CLANG_WARN_DEPRECATED_OBJC_IMPLEMENTATIONS = YES;
				CLANG_WARN_DIRECT_OBJC_ISA_USAGE = YES_ERROR;
				CLANG_WARN_DOCUMENTATION_COMMENTS = YES;
				CLANG_WARN_EMPTY_BODY = YES;
				CLANG_WARN_ENUM_CONVERSION = YES;
				CLANG_WARN_INFINITE_RECURSION = YES;
				CLANG_WARN_INT_CONVERSION = YES;
				CLANG_WARN_NON_LITERAL_NULL_CONVERSION = YES;
				CLANG_WARN_OBJC_IMPLICIT_RETAIN_SELF = YES;
				CLANG_WARN_OBJC_LITERAL_CONVERSION = YES;
				CLANG_WARN_OBJC_ROOT_CLASS = YES_ERROR;
				CLANG_WARN_QUOTED_INCLUDE_IN_FRAMEWORK_HEADER = YES;
				CLANG_WARN_RANGE_LOOP_ANALYSIS = YES;
				CLANG_WARN_STRICT_PROTOTYPES = YES;
				CLANG_WARN_SUSPICIOUS_MOVE = YES;
				CLANG_WARN_UNGUARDED_AVAILABILITY = YES_AGGRESSIVE;
				CLANG_WARN_UNREACHABLE_CODE = YES;
				CLANG_WARN__DUPLICATE_METHOD_MATCH = YES;
				COPY_PHASE_STRIP = NO;
				DEBUG_INFORMATION_FORMAT = dwarf;
				ENABLE_STRICT_OBJC_MSGSEND = YES;
				ENABLE_TESTABILITY = YES;
				ENABLE_USER_SCRIPT_SANDBOXING = YES;
				GCC_C_LANGUAGE_STANDARD = gnu17;
				GCC_DYNAMIC_NO_PIC = NO;
				GCC_NO_COMMON_BLOCKS = YES;
				GCC_OPTIMIZATION_LEVEL = 0;
				GCC_PREPROCESSOR_DEFINITIONS = (
					"DEBUG=1",
					"$(inherited)",
				);
				GCC_WARN_64_TO_32_BIT_CONVERSION = YES;
				GCC_WARN_ABOUT_RETURN_TYPE = YES_ERROR;
				GCC_WARN_UNDECLARED_SELECTOR = YES;
				GCC_WARN_UNINITIALIZED_AUTOS = YES_AGGRESSIVE;
				GCC_WARN_UNUSED_FUNCTION = YES;
				GCC_WARN_UNUSED_VARIABLE = YES;
				LOCALIZATION_PREFERS_STRING_CATALOGS = YES;
				MTL_ENABLE_DEBUG_INFO = INCLUDE_SOURCE;
				MTL_FAST_MATH = YES;
				ONLY_ACTIVE_ARCH = YES;
				SWIFT_ACTIVE_COMPILATION_CONDITIONS = "DEBUG $(inherited)";
				SWIFT_OPTIMIZATION_LEVEL = "-Onone";
				WATCHOS_DEPLOYMENT_TARGET = 10.5;
			};
			name = Debug;
		};
		AD5030942C46F0F800823C18 /* Release */ = {
			isa = XCBuildConfiguration;
			buildSettings = {
				ALWAYS_SEARCH_USER_PATHS = NO;
				ASSETCATALOG_COMPILER_GENERATE_SWIFT_ASSET_SYMBOL_EXTENSIONS = YES;
				CLANG_ANALYZER_NONNULL = YES;
				CLANG_ANALYZER_NUMBER_OBJECT_CONVERSION = YES_AGGRESSIVE;
				CLANG_CXX_LANGUAGE_STANDARD = "gnu++20";
				CLANG_ENABLE_MODULES = YES;
				CLANG_ENABLE_OBJC_ARC = YES;
				CLANG_ENABLE_OBJC_WEAK = YES;
				CLANG_WARN_BLOCK_CAPTURE_AUTORELEASING = YES;
				CLANG_WARN_BOOL_CONVERSION = YES;
				CLANG_WARN_COMMA = YES;
				CLANG_WARN_CONSTANT_CONVERSION = YES;
				CLANG_WARN_DEPRECATED_OBJC_IMPLEMENTATIONS = YES;
				CLANG_WARN_DIRECT_OBJC_ISA_USAGE = YES_ERROR;
				CLANG_WARN_DOCUMENTATION_COMMENTS = YES;
				CLANG_WARN_EMPTY_BODY = YES;
				CLANG_WARN_ENUM_CONVERSION = YES;
				CLANG_WARN_INFINITE_RECURSION = YES;
				CLANG_WARN_INT_CONVERSION = YES;
				CLANG_WARN_NON_LITERAL_NULL_CONVERSION = YES;
				CLANG_WARN_OBJC_IMPLICIT_RETAIN_SELF = YES;
				CLANG_WARN_OBJC_LITERAL_CONVERSION = YES;
				CLANG_WARN_OBJC_ROOT_CLASS = YES_ERROR;
				CLANG_WARN_QUOTED_INCLUDE_IN_FRAMEWORK_HEADER = YES;
				CLANG_WARN_RANGE_LOOP_ANALYSIS = YES;
				CLANG_WARN_STRICT_PROTOTYPES = YES;
				CLANG_WARN_SUSPICIOUS_MOVE = YES;
				CLANG_WARN_UNGUARDED_AVAILABILITY = YES_AGGRESSIVE;
				CLANG_WARN_UNREACHABLE_CODE = YES;
				CLANG_WARN__DUPLICATE_METHOD_MATCH = YES;
				COPY_PHASE_STRIP = NO;
				DEBUG_INFORMATION_FORMAT = "dwarf-with-dsym";
				ENABLE_NS_ASSERTIONS = NO;
				ENABLE_STRICT_OBJC_MSGSEND = YES;
				ENABLE_USER_SCRIPT_SANDBOXING = YES;
				GCC_C_LANGUAGE_STANDARD = gnu17;
				GCC_NO_COMMON_BLOCKS = YES;
				GCC_WARN_64_TO_32_BIT_CONVERSION = YES;
				GCC_WARN_ABOUT_RETURN_TYPE = YES_ERROR;
				GCC_WARN_UNDECLARED_SELECTOR = YES;
				GCC_WARN_UNINITIALIZED_AUTOS = YES_AGGRESSIVE;
				GCC_WARN_UNUSED_FUNCTION = YES;
				GCC_WARN_UNUSED_VARIABLE = YES;
				LOCALIZATION_PREFERS_STRING_CATALOGS = YES;
				MTL_ENABLE_DEBUG_INFO = NO;
				MTL_FAST_MATH = YES;
				SWIFT_COMPILATION_MODE = wholemodule;
				WATCHOS_DEPLOYMENT_TARGET = 10.5;
			};
			name = Release;
		};
		AD5030962C46F0F800823C18 /* Debug */ = {
			isa = XCBuildConfiguration;
			buildSettings = {
				ASSETCATALOG_COMPILER_APPICON_NAME = AppIcon;
				ASSETCATALOG_COMPILER_GLOBAL_ACCENT_COLOR_NAME = AccentColor;
				CODE_SIGN_ENTITLEMENTS = "FitTrack Watch App/FitTrack Watch App.entitlements";
				CODE_SIGN_STYLE = Automatic;
				CURRENT_PROJECT_VERSION = 1;
				DEVELOPMENT_ASSET_PATHS = "\"FitTrack Watch App/Preview Content\"";
				DEVELOPMENT_TEAM = Y7YN5PPNN8;
				ENABLE_PREVIEWS = YES;
				GENERATE_INFOPLIST_FILE = YES;
				INFOPLIST_FILE = "FitTrack-Watch-App-Info.plist";
				INFOPLIST_KEY_CFBundleDisplayName = FitTrack;
				INFOPLIST_KEY_LSApplicationCategoryType = "";
				INFOPLIST_KEY_NSHealthClinicalHealthRecordsShareUsageDescription = "Please allow access";
				INFOPLIST_KEY_NSHealthShareUsageDescription = "Please allow access";
				INFOPLIST_KEY_NSHealthUpdateUsageDescription = "Please allow access";
				INFOPLIST_KEY_NSHumanReadableCopyright = "";
				INFOPLIST_KEY_NSMotionUsageDescription = "Please allow access";
				INFOPLIST_KEY_UISupportedInterfaceOrientations = "UIInterfaceOrientationPortrait UIInterfaceOrientationPortraitUpsideDown";
				INFOPLIST_KEY_WKCompanionAppBundleIdentifier = swe.FitTrack;
				LD_RUNPATH_SEARCH_PATHS = (
					"$(inherited)",
					"@executable_path/Frameworks",
				);
				MARKETING_VERSION = 1.0;
				PRODUCT_BUNDLE_IDENTIFIER = swe.FitTrack.watchkitapp;
				PRODUCT_NAME = "$(TARGET_NAME)";
				SDKROOT = watchos;
				SKIP_INSTALL = YES;
				SWIFT_EMIT_LOC_STRINGS = YES;
				SWIFT_VERSION = 5.0;
				TARGETED_DEVICE_FAMILY = 4;
				WATCHOS_DEPLOYMENT_TARGET = 10.5;
			};
			name = Debug;
		};
		AD5030972C46F0F800823C18 /* Release */ = {
			isa = XCBuildConfiguration;
			buildSettings = {
				ASSETCATALOG_COMPILER_APPICON_NAME = AppIcon;
				ASSETCATALOG_COMPILER_GLOBAL_ACCENT_COLOR_NAME = AccentColor;
				CODE_SIGN_ENTITLEMENTS = "FitTrack Watch App/FitTrack Watch App.entitlements";
				CODE_SIGN_STYLE = Automatic;
				CURRENT_PROJECT_VERSION = 1;
				DEVELOPMENT_ASSET_PATHS = "\"FitTrack Watch App/Preview Content\"";
				DEVELOPMENT_TEAM = Y7YN5PPNN8;
				ENABLE_PREVIEWS = YES;
				GENERATE_INFOPLIST_FILE = YES;
				INFOPLIST_FILE = "FitTrack-Watch-App-Info.plist";
				INFOPLIST_KEY_CFBundleDisplayName = FitTrack;
				INFOPLIST_KEY_LSApplicationCategoryType = "";
				INFOPLIST_KEY_NSHealthClinicalHealthRecordsShareUsageDescription = "Please allow access";
				INFOPLIST_KEY_NSHealthShareUsageDescription = "Please allow access";
				INFOPLIST_KEY_NSHealthUpdateUsageDescription = "Please allow access";
				INFOPLIST_KEY_NSHumanReadableCopyright = "";
				INFOPLIST_KEY_NSMotionUsageDescription = "Please allow access";
				INFOPLIST_KEY_UISupportedInterfaceOrientations = "UIInterfaceOrientationPortrait UIInterfaceOrientationPortraitUpsideDown";
				INFOPLIST_KEY_WKCompanionAppBundleIdentifier = swe.FitTrack;
				LD_RUNPATH_SEARCH_PATHS = (
					"$(inherited)",
					"@executable_path/Frameworks",
				);
				MARKETING_VERSION = 1.0;
				PRODUCT_BUNDLE_IDENTIFIER = swe.FitTrack.watchkitapp;
				PRODUCT_NAME = "$(TARGET_NAME)";
				SDKROOT = watchos;
				SKIP_INSTALL = YES;
				SWIFT_EMIT_LOC_STRINGS = YES;
				SWIFT_VERSION = 5.0;
				TARGETED_DEVICE_FAMILY = 4;
				VALIDATE_PRODUCT = YES;
				WATCHOS_DEPLOYMENT_TARGET = 10.5;
			};
			name = Release;
		};
		AD5030A32C46F0F800823C18 /* Debug */ = {
			isa = XCBuildConfiguration;
			buildSettings = {
				BUNDLE_LOADER = "$(TEST_HOST)";
				CODE_SIGN_STYLE = Automatic;
				CURRENT_PROJECT_VERSION = 1;
				DEVELOPMENT_TEAM = Y7YN5PPNN8;
				GENERATE_INFOPLIST_FILE = YES;
				MARKETING_VERSION = 1.0;
				PRODUCT_BUNDLE_IDENTIFIER = "swe.FitTrack-Watch-AppTests";
				PRODUCT_NAME = "$(TARGET_NAME)";
				SDKROOT = watchos;
				SWIFT_EMIT_LOC_STRINGS = NO;
				SWIFT_VERSION = 5.0;
				TARGETED_DEVICE_FAMILY = 4;
				TEST_HOST = "$(BUILT_PRODUCTS_DIR)/FitTrack Watch App.app/$(BUNDLE_EXECUTABLE_FOLDER_PATH)/FitTrack Watch App";
				WATCHOS_DEPLOYMENT_TARGET = 10.5;
			};
			name = Debug;
		};
		AD5030A42C46F0F800823C18 /* Release */ = {
			isa = XCBuildConfiguration;
			buildSettings = {
				BUNDLE_LOADER = "$(TEST_HOST)";
				CODE_SIGN_STYLE = Automatic;
				CURRENT_PROJECT_VERSION = 1;
				DEVELOPMENT_TEAM = Y7YN5PPNN8;
				GENERATE_INFOPLIST_FILE = YES;
				MARKETING_VERSION = 1.0;
				PRODUCT_BUNDLE_IDENTIFIER = "swe.FitTrack-Watch-AppTests";
				PRODUCT_NAME = "$(TARGET_NAME)";
				SDKROOT = watchos;
				SWIFT_EMIT_LOC_STRINGS = NO;
				SWIFT_VERSION = 5.0;
				TARGETED_DEVICE_FAMILY = 4;
				TEST_HOST = "$(BUILT_PRODUCTS_DIR)/FitTrack Watch App.app/$(BUNDLE_EXECUTABLE_FOLDER_PATH)/FitTrack Watch App";
				VALIDATE_PRODUCT = YES;
				WATCHOS_DEPLOYMENT_TARGET = 10.5;
			};
			name = Release;
		};
		AD5030A62C46F0F800823C18 /* Debug */ = {
			isa = XCBuildConfiguration;
			buildSettings = {
				CODE_SIGN_STYLE = Automatic;
				CURRENT_PROJECT_VERSION = 1;
				DEVELOPMENT_TEAM = Y7YN5PPNN8;
				GENERATE_INFOPLIST_FILE = YES;
				MARKETING_VERSION = 1.0;
				PRODUCT_BUNDLE_IDENTIFIER = "swe.FitTrack-Watch-AppUITests";
				PRODUCT_NAME = "$(TARGET_NAME)";
				SDKROOT = watchos;
				SWIFT_EMIT_LOC_STRINGS = NO;
				SWIFT_VERSION = 5.0;
				TARGETED_DEVICE_FAMILY = 4;
				TEST_TARGET_NAME = "FitTrack Watch App";
				WATCHOS_DEPLOYMENT_TARGET = 10.5;
			};
			name = Debug;
		};
		AD5030A72C46F0F800823C18 /* Release */ = {
			isa = XCBuildConfiguration;
			buildSettings = {
				CODE_SIGN_STYLE = Automatic;
				CURRENT_PROJECT_VERSION = 1;
				DEVELOPMENT_TEAM = Y7YN5PPNN8;
				GENERATE_INFOPLIST_FILE = YES;
				MARKETING_VERSION = 1.0;
				PRODUCT_BUNDLE_IDENTIFIER = "swe.FitTrack-Watch-AppUITests";
				PRODUCT_NAME = "$(TARGET_NAME)";
				SDKROOT = watchos;
				SWIFT_EMIT_LOC_STRINGS = NO;
				SWIFT_VERSION = 5.0;
				TARGETED_DEVICE_FAMILY = 4;
				TEST_TARGET_NAME = "FitTrack Watch App";
				VALIDATE_PRODUCT = YES;
				WATCHOS_DEPLOYMENT_TARGET = 10.5;
			};
			name = Release;
		};
/* End XCBuildConfiguration section */

/* Begin XCConfigurationList section */
		AD5030442C46F0F600823C18 /* Build configuration list for PBXProject "FitTrack" */ = {
			isa = XCConfigurationList;
			buildConfigurations = (
				AD5030932C46F0F800823C18 /* Debug */,
				AD5030942C46F0F800823C18 /* Release */,
			);
			defaultConfigurationIsVisible = 0;
			defaultConfigurationName = Release;
		};
		AD5030952C46F0F800823C18 /* Build configuration list for PBXNativeTarget "FitTrack Watch App" */ = {
			isa = XCConfigurationList;
			buildConfigurations = (
				AD5030962C46F0F800823C18 /* Debug */,
				AD5030972C46F0F800823C18 /* Release */,
			);
			defaultConfigurationIsVisible = 0;
			defaultConfigurationName = Release;
		};
		AD5030A22C46F0F800823C18 /* Build configuration list for PBXNativeTarget "FitTrack Watch AppTests" */ = {
			isa = XCConfigurationList;
			buildConfigurations = (
				AD5030A32C46F0F800823C18 /* Debug */,
				AD5030A42C46F0F800823C18 /* Release */,
			);
			defaultConfigurationIsVisible = 0;
			defaultConfigurationName = Release;
		};
		AD5030A52C46F0F800823C18 /* Build configuration list for PBXNativeTarget "FitTrack Watch AppUITests" */ = {
			isa = XCConfigurationList;
			buildConfigurations = (
				AD5030A62C46F0F800823C18 /* Debug */,
				AD5030A72C46F0F800823C18 /* Release */,
			);
			defaultConfigurationIsVisible = 0;
			defaultConfigurationName = Release;
		};
/* End XCConfigurationList section */
	};
	rootObject = AD5030412C46F0F600823C18 /* Project object */;
}
